
Microsoft Visual Studio Solution File, Format Version 12.00
# Visual Studio Version 17
VisualStudioVersion = 17.9.34616.47
MinimumVisualStudioVersion = 10.0.40219.1
Project("{FAE04EC0-301F-11D3-BF4B-00C04F79EFBC}") = "Parcial1Web", "Parcial1Web\Parcial1Web.csproj", "{2FDDABAE-6445-452E-9084-C9BCB40551DA}"
EndProject
Global
	GlobalSection(SolutionConfigurationPlatforms) = preSolution
		Debug|Any CPU = Debug|Any CPU
		Release|Any CPU = Release|Any CPU
	EndGlobalSection
	GlobalSection(ProjectConfigurationPlatforms) = postSolution
		{2FDDABAE-6445-452E-9084-C9BCB40551DA}.Debug|Any CPU.ActiveCfg = Debug|Any CPU
		{2FDDABAE-6445-452E-9084-C9BCB40551DA}.Debug|Any CPU.Build.0 = Debug|Any CPU
		{2FDDABAE-6445-452E-9084-C9BCB40551DA}.Release|Any CPU.ActiveCfg = Release|Any CPU
		{2FDDABAE-6445-452E-9084-C9BCB40551DA}.Release|Any CPU.Build.0 = Release|Any CPU
	EndGlobalSection
	GlobalSection(SolutionProperties) = preSolution
		HideSolutionNode = FALSE
	EndGlobalSection
	GlobalSection(ExtensibilityGlobals) = postSolution
		SolutionGuid = {9BEA9D29-14AA-4477-A2DF-00116E0AB9F4}
	EndGlobalSection
EndGlobal
